
Microsoft Visual Studio Solution File, Format Version 12.00
# Visual Studio Version 16
VisualStudioVersion = 16.0.30907.101
MinimumVisualStudioVersion = 10.0.40219.1
Project("{9A19103F-16F7-4668-BE54-9A1E7A4F7556}") = "MassInmemoryTransport", "MassInmemoryTransport.csproj", "{95232114-97A9-49AC-B0AD-02133E244869}"
EndProject
Project("{FAE04EC0-301F-11D3-BF4B-00C04F79EFBC}") = "MassInmemoryTransport.Component.Tests", "..\MassInmemoryTransport.Component.Tests\MassInmemoryTransport.Component.Tests.csproj", "{E27E2C84-B4F1-4DF4-8EBD-C743D1109425}"
EndProject
Global
	GlobalSection(SolutionConfigurationPlatforms) = preSolution
		Debug|Any CPU = Debug|Any CPU
		Release|Any CPU = Release|Any CPU
	EndGlobalSection
	GlobalSection(ProjectConfigurationPlatforms) = postSolution
		{95232114-97A9-49AC-B0AD-02133E244869}.Debug|Any CPU.ActiveCfg = Debug|Any CPU
		{95232114-97A9-49AC-B0AD-02133E244869}.Debug|Any CPU.Build.0 = Debug|Any CPU
		{95232114-97A9-49AC-B0AD-02133E244869}.Release|Any CPU.ActiveCfg = Release|Any CPU
		{95232114-97A9-49AC-B0AD-02133E244869}.Release|Any CPU.Build.0 = Release|Any CPU
		{E27E2C84-B4F1-4DF4-8EBD-C743D1109425}.Debug|Any CPU.ActiveCfg = Debug|Any CPU
		{E27E2C84-B4F1-4DF4-8EBD-C743D1109425}.Debug|Any CPU.Build.0 = Debug|Any CPU
		{E27E2C84-B4F1-4DF4-8EBD-C743D1109425}.Release|Any CPU.ActiveCfg = Release|Any CPU
		{E27E2C84-B4F1-4DF4-8EBD-C743D1109425}.Release|Any CPU.Build.0 = Release|Any CPU
	EndGlobalSection
	GlobalSection(SolutionProperties) = preSolution
		HideSolutionNode = FALSE
	EndGlobalSection
	GlobalSection(ExtensibilityGlobals) = postSolution
		SolutionGuid = {2399ECAB-3912-4B10-8A70-48A181842198}
	EndGlobalSection
EndGlobal
